{
  "name": "@restry/clawline-relay-gateway",
  "version": "0.1.0",
  "lockfileVersion": 3,
  "requires": true,
  "packages": {
    "": {
      "name": "@restry/clawline-relay-gateway",
      "version": "0.1.0",
      "dependencies": {
        "jose": "^6.2.1",
        "ws": "^8.19.0"
      }
    },
    "node_modules/jose": {
      "version": "6.2.1",
      "resolved": "https://registry.npmjs.org/jose/-/jose-6.2.1.tgz",
      "integrity": "sha512-jUaKr1yrbfaImV7R2TN/b3IcZzsw38/chqMpo2XJ7i2F8AfM/lA4G1goC3JVEwg0H7UldTmSt3P68nt31W7/mw==",
      "license": "MIT",
      "funding": {
        "url": "https://github.com/sponsors/panva"
      }
    },
    "node_modules/ws": {
      "version": "8.19.0",
      "resolved": "https://registry.npmjs.org/ws/-/ws-8.19.0.tgz",
      "integrity": "sha512-blAT2mjOEIi0ZzruJfIhb3nps74PRWTCz1IjglWEEpQl5XS/UNama6u2/rjFkDDouqr4L67ry+1aGIALViWjDg==",
      "license": "MIT",
      "engines": {
        "node": ">=10.0.0"
      },
      "peerDependencies": {
        "bufferutil": "^4.0.1",
        "utf-8-validate": ">=5.0.2"
      },
      "peerDependenciesMeta": {
        "bufferutil": {
          "optional": true
        },
        "utf-8-validate": {
          "optional": true
        }
      }
    }
  }
}
